
Microsoft Visual Studio Solution File, Format Version 12.00
# Visual Studio Version 17
VisualStudioVersion = 17.13.35825.156 d17.13
MinimumVisualStudioVersion = 10.0.40219.1
Project("{FAE04EC0-301F-11D3-BF4B-00C04F79EFBC}") = "GO-CatalogService", "GO-CatalogService.csproj", "{4424F6D1-C9B9-02AA-99BD-F0D1D3358699}"
EndProject
Global
	GlobalSection(SolutionConfigurationPlatforms) = preSolution
		Debug|Any CPU = Debug|Any CPU
		Release|Any CPU = Release|Any CPU
	EndGlobalSection
	GlobalSection(ProjectConfigurationPlatforms) = postSolution
		{4424F6D1-C9B9-02AA-99BD-F0D1D3358699}.Debug|Any CPU.ActiveCfg = Debug|Any CPU
		{4424F6D1-C9B9-02AA-99BD-F0D1D3358699}.Debug|Any CPU.Build.0 = Debug|Any CPU
		{4424F6D1-C9B9-02AA-99BD-F0D1D3358699}.Release|Any CPU.ActiveCfg = Release|Any CPU
		{4424F6D1-C9B9-02AA-99BD-F0D1D3358699}.Release|Any CPU.Build.0 = Release|Any CPU
	EndGlobalSection
	GlobalSection(SolutionProperties) = preSolution
		HideSolutionNode = FALSE
	EndGlobalSection
	GlobalSection(ExtensibilityGlobals) = postSolution
		SolutionGuid = {087EF301-3CAF-4670-8BE7-A04566A23C60}
	EndGlobalSection
EndGlobal
